
Microsoft Visual Studio Solution File, Format Version 12.00
# Visual Studio Version 17
VisualStudioVersion = 17.7.34031.279
MinimumVisualStudioVersion = 10.0.40219.1
Project("{2150E333-8FDC-42A3-9474-1A3956D46DE8}") = "Src", "Src", "{87CADC6E-009D-4300-809B-38C551488AF3}"
EndProject
Project("{2150E333-8FDC-42A3-9474-1A3956D46DE8}") = "Test", "Test", "{9D19465B-07B5-4AE7-8286-5531F96E84DF}"
EndProject
Project("{2150E333-8FDC-42A3-9474-1A3956D46DE8}") = "App", "App", "{DABF0AA1-59EB-4BE9-81BF-2966A96E7361}"
EndProject
Project("{2150E333-8FDC-42A3-9474-1A3956D46DE8}") = "Libraries", "Libraries", "{3BCBC41F-7C58-4024-A44F-E26ADA22863F}"
EndProject
Project("{2150E333-8FDC-42A3-9474-1A3956D46DE8}") = "Domain", "Domain", "{C3174EDD-FE21-4910-818F-FFC92567B25E}"
EndProject
Project("{2150E333-8FDC-42A3-9474-1A3956D46DE8}") = "Infrastructure", "Infrastructure", "{305B6FF8-0AB9-488A-B745-41661C1FFB6D}"
EndProject
Project("{9A19103F-16F7-4668-BE54-9A1E7A4F7556}") = "RoleBased.Model", "RoleBased.Model\RoleBased.Model.csproj", "{6D663518-7B2F-4390-A115-C51115EDD856}"
EndProject
Project("{9A19103F-16F7-4668-BE54-9A1E7A4F7556}") = "RoleBased.Repository", "RoleBased.Repository\RoleBased.Repository.csproj", "{BD30C1C6-3A87-490D-B84E-FEDFB5BBB7A1}"
EndProject
Project("{9A19103F-16F7-4668-BE54-9A1E7A4F7556}") = "RoleBased.Shared", "RoleBased.Shared\RoleBased.Shared.csproj", "{8205DDBD-C404-473D-A2A5-74D02088427F}"
EndProject
Project("{9A19103F-16F7-4668-BE54-9A1E7A4F7556}") = "RoleBased.Core", "RoleBased.Core\RoleBased.Core.csproj", "{CC3892F6-588C-4B47-ADAB-9404F440FE0D}"
EndProject
Project("{9A19103F-16F7-4668-BE54-9A1E7A4F7556}") = "RoleBased.Infrastructure", "RoleBased.Infrastructure\RoleBased.Infrastructure.csproj", "{775F999A-11C9-4BAC-B30C-C9A2FB979F54}"
EndProject
Project("{9A19103F-16F7-4668-BE54-9A1E7A4F7556}") = "RoleBased.IoC.Configuration", "RoleBased.IoC.Configuration\RoleBased.IoC.Configuration.csproj", "{5AB349C7-D924-4955-8F6C-746F5A0884E5}"
EndProject
Project("{9A19103F-16F7-4668-BE54-9A1E7A4F7556}") = "RoleBased.Service.Model", "RoleBased.Service.Model\RoleBased.Service.Model.csproj", "{B4F095A8-A2DB-4996-AB81-1C12B625DE6C}"
EndProject
Project("{FAE04EC0-301F-11D3-BF4B-00C04F79EFBC}") = "RoleBased.BackEnd", "RoleBased.BackEnd\RoleBased.BackEnd.csproj", "{096670A2-0FAC-447A-A759-3DE1D258461C}"
EndProject
Global
	GlobalSection(SolutionConfigurationPlatforms) = preSolution
		Debug|Any CPU = Debug|Any CPU
		Release|Any CPU = Release|Any CPU
	EndGlobalSection
	GlobalSection(ProjectConfigurationPlatforms) = postSolution
		{6D663518-7B2F-4390-A115-C51115EDD856}.Debug|Any CPU.ActiveCfg = Debug|Any CPU
		{6D663518-7B2F-4390-A115-C51115EDD856}.Debug|Any CPU.Build.0 = Debug|Any CPU
		{6D663518-7B2F-4390-A115-C51115EDD856}.Release|Any CPU.ActiveCfg = Release|Any CPU
		{6D663518-7B2F-4390-A115-C51115EDD856}.Release|Any CPU.Build.0 = Release|Any CPU
		{BD30C1C6-3A87-490D-B84E-FEDFB5BBB7A1}.Debug|Any CPU.ActiveCfg = Debug|Any CPU
		{BD30C1C6-3A87-490D-B84E-FEDFB5BBB7A1}.Debug|Any CPU.Build.0 = Debug|Any CPU
		{BD30C1C6-3A87-490D-B84E-FEDFB5BBB7A1}.Release|Any CPU.ActiveCfg = Release|Any CPU
		{BD30C1C6-3A87-490D-B84E-FEDFB5BBB7A1}.Release|Any CPU.Build.0 = Release|Any CPU
		{8205DDBD-C404-473D-A2A5-74D02088427F}.Debug|Any CPU.ActiveCfg = Debug|Any CPU
		{8205DDBD-C404-473D-A2A5-74D02088427F}.Debug|Any CPU.Build.0 = Debug|Any CPU
		{8205DDBD-C404-473D-A2A5-74D02088427F}.Release|Any CPU.ActiveCfg = Release|Any CPU
		{8205DDBD-C404-473D-A2A5-74D02088427F}.Release|Any CPU.Build.0 = Release|Any CPU
		{CC3892F6-588C-4B47-ADAB-9404F440FE0D}.Debug|Any CPU.ActiveCfg = Debug|Any CPU
		{CC3892F6-588C-4B47-ADAB-9404F440FE0D}.Debug|Any CPU.Build.0 = Debug|Any CPU
		{CC3892F6-588C-4B47-ADAB-9404F440FE0D}.Release|Any CPU.ActiveCfg = Release|Any CPU
		{CC3892F6-588C-4B47-ADAB-9404F440FE0D}.Release|Any CPU.Build.0 = Release|Any CPU
		{775F999A-11C9-4BAC-B30C-C9A2FB979F54}.Debug|Any CPU.ActiveCfg = Debug|Any CPU
		{775F999A-11C9-4BAC-B30C-C9A2FB979F54}.Debug|Any CPU.Build.0 = Debug|Any CPU
		{775F999A-11C9-4BAC-B30C-C9A2FB979F54}.Release|Any CPU.ActiveCfg = Release|Any CPU
		{775F999A-11C9-4BAC-B30C-C9A2FB979F54}.Release|Any CPU.Build.0 = Release|Any CPU
		{5AB349C7-D924-4955-8F6C-746F5A0884E5}.Debug|Any CPU.ActiveCfg = Debug|Any CPU
		{5AB349C7-D924-4955-8F6C-746F5A0884E5}.Debug|Any CPU.Build.0 = Debug|Any CPU
		{5AB349C7-D924-4955-8F6C-746F5A0884E5}.Release|Any CPU.ActiveCfg = Release|Any CPU
		{5AB349C7-D924-4955-8F6C-746F5A0884E5}.Release|Any CPU.Build.0 = Release|Any CPU
		{B4F095A8-A2DB-4996-AB81-1C12B625DE6C}.Debug|Any CPU.ActiveCfg = Debug|Any CPU
		{B4F095A8-A2DB-4996-AB81-1C12B625DE6C}.Debug|Any CPU.Build.0 = Debug|Any CPU
		{B4F095A8-A2DB-4996-AB81-1C12B625DE6C}.Release|Any CPU.ActiveCfg = Release|Any CPU
		{B4F095A8-A2DB-4996-AB81-1C12B625DE6C}.Release|Any CPU.Build.0 = Release|Any CPU
		{096670A2-0FAC-447A-A759-3DE1D258461C}.Debug|Any CPU.ActiveCfg = Debug|Any CPU
		{096670A2-0FAC-447A-A759-3DE1D258461C}.Debug|Any CPU.Build.0 = Debug|Any CPU
		{096670A2-0FAC-447A-A759-3DE1D258461C}.Release|Any CPU.ActiveCfg = Release|Any CPU
		{096670A2-0FAC-447A-A759-3DE1D258461C}.Release|Any CPU.Build.0 = Release|Any CPU
	EndGlobalSection
	GlobalSection(SolutionProperties) = preSolution
		HideSolutionNode = FALSE
	EndGlobalSection
	GlobalSection(NestedProjects) = preSolution
		{DABF0AA1-59EB-4BE9-81BF-2966A96E7361} = {87CADC6E-009D-4300-809B-38C551488AF3}
		{3BCBC41F-7C58-4024-A44F-E26ADA22863F} = {87CADC6E-009D-4300-809B-38C551488AF3}
		{C3174EDD-FE21-4910-818F-FFC92567B25E} = {3BCBC41F-7C58-4024-A44F-E26ADA22863F}
		{305B6FF8-0AB9-488A-B745-41661C1FFB6D} = {3BCBC41F-7C58-4024-A44F-E26ADA22863F}
		{6D663518-7B2F-4390-A115-C51115EDD856} = {C3174EDD-FE21-4910-818F-FFC92567B25E}
		{BD30C1C6-3A87-490D-B84E-FEDFB5BBB7A1} = {C3174EDD-FE21-4910-818F-FFC92567B25E}
		{8205DDBD-C404-473D-A2A5-74D02088427F} = {C3174EDD-FE21-4910-818F-FFC92567B25E}
		{CC3892F6-588C-4B47-ADAB-9404F440FE0D} = {305B6FF8-0AB9-488A-B745-41661C1FFB6D}
		{775F999A-11C9-4BAC-B30C-C9A2FB979F54} = {305B6FF8-0AB9-488A-B745-41661C1FFB6D}
		{5AB349C7-D924-4955-8F6C-746F5A0884E5} = {305B6FF8-0AB9-488A-B745-41661C1FFB6D}
		{B4F095A8-A2DB-4996-AB81-1C12B625DE6C} = {305B6FF8-0AB9-488A-B745-41661C1FFB6D}
		{096670A2-0FAC-447A-A759-3DE1D258461C} = {DABF0AA1-59EB-4BE9-81BF-2966A96E7361}
	EndGlobalSection
	GlobalSection(ExtensibilityGlobals) = postSolution
		SolutionGuid = {2003601B-2F2B-415D-A9AD-9A7648A02FF6}
	EndGlobalSection
EndGlobal
